
Microsoft Visual Studio Solution File, Format Version 12.00
# Visual Studio Version 17
VisualStudioVersion = 17.9.34622.214
MinimumVisualStudioVersion = 10.0.40219.1
Project("{FAE04EC0-301F-11D3-BF4B-00C04F79EFBC}") = "Comment-Service", "Comment-Service\Comment-Service.csproj", "{1319FAD0-3C15-4D6D-9175-97D9F03A88A2}"
EndProject
Global
	GlobalSection(SolutionConfigurationPlatforms) = preSolution
		Debug|Any CPU = Debug|Any CPU
		Release|Any CPU = Release|Any CPU
	EndGlobalSection
	GlobalSection(ProjectConfigurationPlatforms) = postSolution
		{1319FAD0-3C15-4D6D-9175-97D9F03A88A2}.Debug|Any CPU.ActiveCfg = Debug|Any CPU
		{1319FAD0-3C15-4D6D-9175-97D9F03A88A2}.Debug|Any CPU.Build.0 = Debug|Any CPU
		{1319FAD0-3C15-4D6D-9175-97D9F03A88A2}.Release|Any CPU.ActiveCfg = Release|Any CPU
		{1319FAD0-3C15-4D6D-9175-97D9F03A88A2}.Release|Any CPU.Build.0 = Release|Any CPU
	EndGlobalSection
	GlobalSection(SolutionProperties) = preSolution
		HideSolutionNode = FALSE
	EndGlobalSection
	GlobalSection(ExtensibilityGlobals) = postSolution
		SolutionGuid = {8550B251-0001-4F84-956A-512D1E78F30E}
	EndGlobalSection
EndGlobal
